
Microsoft Visual Studio Solution File, Format Version 12.00
# Visual Studio 15
VisualStudioVersion = 15.0.27004.2010
MinimumVisualStudioVersion = 10.0.40219.1
Project("{FAE04EC0-301F-11D3-BF4B-00C04F79EFBC}") = "OneDance", "OneDance\OneDance.csproj", "{0568C98C-3B10-48F5-8B38-291A07852AAB}"
EndProject
Global
	GlobalSection(SolutionConfigurationPlatforms) = preSolution
		Debug|Any CPU = Debug|Any CPU
		Release|Any CPU = Release|Any CPU
	EndGlobalSection
	GlobalSection(ProjectConfigurationPlatforms) = postSolution
		{0568C98C-3B10-48F5-8B38-291A07852AAB}.Debug|Any CPU.ActiveCfg = Debug|Any CPU
		{0568C98C-3B10-48F5-8B38-291A07852AAB}.Debug|Any CPU.Build.0 = Debug|Any CPU
		{0568C98C-3B10-48F5-8B38-291A07852AAB}.Release|Any CPU.ActiveCfg = Release|Any CPU
		{0568C98C-3B10-48F5-8B38-291A07852AAB}.Release|Any CPU.Build.0 = Release|Any CPU
	EndGlobalSection
	GlobalSection(SolutionProperties) = preSolution
		HideSolutionNode = FALSE
	EndGlobalSection
	GlobalSection(ExtensibilityGlobals) = postSolution
		SolutionGuid = {B1ECF702-8651-4B05-9D88-677B8F93BC18}
	EndGlobalSection
EndGlobal
